
Microsoft Visual Studio Solution File, Format Version 12.00
# Visual Studio Version 16
VisualStudioVersion = 16.0.31402.337
MinimumVisualStudioVersion = 10.0.40219.1
Project("{FAE04EC0-301F-11D3-BF4B-00C04F79EFBC}") = "Documents", "Documents.csproj", "{AAC32AB3-86E1-4819-BDB7-0C1749F1F87B}"
EndProject
Global
	GlobalSection(SolutionConfigurationPlatforms) = preSolution
		Debug|Any CPU = Debug|Any CPU
		Release|Any CPU = Release|Any CPU
	EndGlobalSection
	GlobalSection(ProjectConfigurationPlatforms) = postSolution
		{AAC32AB3-86E1-4819-BDB7-0C1749F1F87B}.Debug|Any CPU.ActiveCfg = Debug|Any CPU
		{AAC32AB3-86E1-4819-BDB7-0C1749F1F87B}.Debug|Any CPU.Build.0 = Debug|Any CPU
		{AAC32AB3-86E1-4819-BDB7-0C1749F1F87B}.Release|Any CPU.ActiveCfg = Release|Any CPU
		{AAC32AB3-86E1-4819-BDB7-0C1749F1F87B}.Release|Any CPU.Build.0 = Release|Any CPU
	EndGlobalSection
	GlobalSection(SolutionProperties) = preSolution
		HideSolutionNode = FALSE
	EndGlobalSection
	GlobalSection(ExtensibilityGlobals) = postSolution
		SolutionGuid = {5E7D7EC1-20C0-4A69-89EA-89C02C550CF6}
	EndGlobalSection
EndGlobal
