
Microsoft Visual Studio Solution File, Format Version 12.00
# Visual Studio Version 16
VisualStudioVersion = 16.0.31402.337
MinimumVisualStudioVersion = 10.0.40219.1
Project("{FAE04EC0-301F-11D3-BF4B-00C04F79EFBC}") = "PythagorasTheorem", "PythagorasTheorem.csproj", "{6807CE69-4736-467F-83D0-5D7ECC5FB936}"
EndProject
Global
	GlobalSection(SolutionConfigurationPlatforms) = preSolution
		Debug|Any CPU = Debug|Any CPU
		Release|Any CPU = Release|Any CPU
	EndGlobalSection
	GlobalSection(ProjectConfigurationPlatforms) = postSolution
		{6807CE69-4736-467F-83D0-5D7ECC5FB936}.Debug|Any CPU.ActiveCfg = Debug|Any CPU
		{6807CE69-4736-467F-83D0-5D7ECC5FB936}.Debug|Any CPU.Build.0 = Debug|Any CPU
		{6807CE69-4736-467F-83D0-5D7ECC5FB936}.Release|Any CPU.ActiveCfg = Release|Any CPU
		{6807CE69-4736-467F-83D0-5D7ECC5FB936}.Release|Any CPU.Build.0 = Release|Any CPU
	EndGlobalSection
	GlobalSection(SolutionProperties) = preSolution
		HideSolutionNode = FALSE
	EndGlobalSection
	GlobalSection(ExtensibilityGlobals) = postSolution
		SolutionGuid = {FC4039CF-92AD-4DA9-945D-5D0290EC0FBF}
	EndGlobalSection
EndGlobal
