
Microsoft Visual Studio Solution File, Format Version 12.00
# Visual Studio Version 16
VisualStudioVersion = 16.0.31321.278
MinimumVisualStudioVersion = 10.0.40219.1
Project("{FAE04EC0-301F-11D3-BF4B-00C04F79EFBC}") = "ClickME", "ClickME.csproj", "{CC083D81-C801-4640-81D7-F3F549872355}"
EndProject
Global
	GlobalSection(SolutionConfigurationPlatforms) = preSolution
		Debug|Any CPU = Debug|Any CPU
		Release|Any CPU = Release|Any CPU
	EndGlobalSection
	GlobalSection(ProjectConfigurationPlatforms) = postSolution
		{CC083D81-C801-4640-81D7-F3F549872355}.Debug|Any CPU.ActiveCfg = Debug|Any CPU
		{CC083D81-C801-4640-81D7-F3F549872355}.Debug|Any CPU.Build.0 = Debug|Any CPU
		{CC083D81-C801-4640-81D7-F3F549872355}.Release|Any CPU.ActiveCfg = Release|Any CPU
		{CC083D81-C801-4640-81D7-F3F549872355}.Release|Any CPU.Build.0 = Release|Any CPU
	EndGlobalSection
	GlobalSection(SolutionProperties) = preSolution
		HideSolutionNode = FALSE
	EndGlobalSection
	GlobalSection(ExtensibilityGlobals) = postSolution
		SolutionGuid = {B2A9A7F8-AC26-4EC4-860D-ADCD62FD879B}
	EndGlobalSection
EndGlobal
