
Microsoft Visual Studio Solution File, Format Version 12.00
# Visual Studio Version 16
VisualStudioVersion = 16.0.31019.35
MinimumVisualStudioVersion = 10.0.40219.1
Project("{FAE04EC0-301F-11D3-BF4B-00C04F79EFBC}") = "Danyello.Calculator", "Danyello.Calculator.csproj", "{A70179EE-FAF3-4582-8578-A2A25ACDB39D}"
EndProject
Global
	GlobalSection(SolutionConfigurationPlatforms) = preSolution
		Debug|Any CPU = Debug|Any CPU
		Release|Any CPU = Release|Any CPU
	EndGlobalSection
	GlobalSection(ProjectConfigurationPlatforms) = postSolution
		{A70179EE-FAF3-4582-8578-A2A25ACDB39D}.Debug|Any CPU.ActiveCfg = Debug|Any CPU
		{A70179EE-FAF3-4582-8578-A2A25ACDB39D}.Debug|Any CPU.Build.0 = Debug|Any CPU
		{A70179EE-FAF3-4582-8578-A2A25ACDB39D}.Release|Any CPU.ActiveCfg = Release|Any CPU
		{A70179EE-FAF3-4582-8578-A2A25ACDB39D}.Release|Any CPU.Build.0 = Release|Any CPU
	EndGlobalSection
	GlobalSection(SolutionProperties) = preSolution
		HideSolutionNode = FALSE
	EndGlobalSection
	GlobalSection(ExtensibilityGlobals) = postSolution
		SolutionGuid = {3E406F1A-3B45-4CB9-B969-8CE94ED0A301}
	EndGlobalSection
EndGlobal
